// !$*UTF8*$!
{
	archiveVersion = 1;
	classes = {
	};
	objectVersion = 56;
	objects = {

/* Begin PBXBuildFile section */
		CADDB19C2BC099190002DFD3 /* AppDelegate.swift in Sources */ = {isa = PBXBuildFile; fileRef = CADDB19B2BC099190002DFD3 /* AppDelegate.swift */; };
		CADDB19E2BC099190002DFD3 /* SceneDelegate.swift in Sources */ = {isa = PBXBuildFile; fileRef = CADDB19D2BC099190002DFD3 /* SceneDelegate.swift */; };
		CADDB1A02BC099190002DFD3 /* ViewController.swift in Sources */ = {isa = PBXBuildFile; fileRef = CADDB19F2BC099190002DFD3 /* ViewController.swift */; };
		CADDB1A32BC099190002DFD3 /* Base in Resources */ = {isa = PBXBuildFile; fileRef = CADDB1A22BC099190002DFD3 /* Base */; };
		CADDB1A52BC0991A0002DFD3 /* Assets.xcassets in Resources */ = {isa = PBXBuildFile; fileRef = CADDB1A42BC0991A0002DFD3 /* Assets.xcassets */; };
		CADDB1A82BC0991A0002DFD3 /* Base in Resources */ = {isa = PBXBuildFile; fileRef = CADDB1A72BC0991A0002DFD3 /* Base */; };
		CADDB1B32BC0991A0002DFD3 /* Ind03_pinell_jakeTests.swift in Sources */ = {isa = PBXBuildFile; fileRef = CADDB1B22BC0991A0002DFD3 /* Ind03_pinell_jakeTests.swift */; };
		CADDB1BD2BC0991B0002DFD3 /* Ind03_pinell_jakeUITests.swift in Sources */ = {isa = PBXBuildFile; fileRef = CADDB1BC2BC0991B0002DFD3 /* Ind03_pinell_jakeUITests.swift */; };
		CADDB1BF2BC0991B0002DFD3 /* Ind03_pinell_jakeUITestsLaunchTests.swift in Sources */ = {isa = PBXBuildFile; fileRef = CADDB1BE2BC0991B0002DFD3 /* Ind03_pinell_jakeUITestsLaunchTests.swift */; };
/* End PBXBuildFile section */

/* Begin PBXContainerItemProxy section */
		CADDB1AF2BC0991A0002DFD3 /* PBXContainerItemProxy */ = {
			isa = PBXContainerItemProxy;
			containerPortal = CADDB1902BC099190002DFD3 /* Project object */;
			proxyType = 1;
			remoteGlobalIDString = CADDB1972BC099190002DFD3;
			remoteInfo = Ind03_pinell_jake;
		};
		CADDB1B92BC0991B0002DFD3 /* PBXContainerItemProxy */ = {
			isa = PBXContainerItemProxy;
			containerPortal = CADDB1902BC099190002DFD3 /* Project object */;
			proxyType = 1;
			remoteGlobalIDString = CADDB1972BC099190002DFD3;
			remoteInfo = Ind03_pinell_jake;
		};
/* End PBXContainerItemProxy section */

/* Begin PBXFileReference section */
		CADDB1982BC099190002DFD3 /* Ind03_pinell_jake.app */ = {isa = PBXFileReference; explicitFileType = wrapper.application; includeInIndex = 0; path = Ind03_pinell_jake.app; sourceTree = BUILT_PRODUCTS_DIR; };
		CADDB19B2BC099190002DFD3 /* AppDelegate.swift */ = {isa = PBXFileReference; lastKnownFileType = sourcecode.swift; path = AppDelegate.swift; sourceTree = "<group>"; };
		CADDB19D2BC099190002DFD3 /* SceneDelegate.swift */ = {isa = PBXFileReference; lastKnownFileType = sourcecode.swift; path = SceneDelegate.swift; sourceTree = "<group>"; };
		CADDB19F2BC099190002DFD3 /* ViewController.swift */ = {isa = PBXFileReference; lastKnownFileType = sourcecode.swift; path = ViewController.swift; sourceTree = "<group>"; };
		CADDB1A22BC099190002DFD3 /* Base */ = {isa = PBXFileReference; lastKnownFileType = file.storyboard; name = Base; path = Base.lproj/Main.storyboard; sourceTree = "<group>"; };
		CADDB1A42BC0991A0002DFD3 /* Assets.xcassets */ = {isa = PBXFileReference; lastKnownFileType = folder.assetcatalog; path = Assets.xcassets; sourceTree = "<group>"; };
		CADDB1A72BC0991A0002DFD3 /* Base */ = {isa = PBXFileReference; lastKnownFileType = file.storyboard; name = Base; path = Base.lproj/LaunchScreen.storyboard; sourceTree = "<group>"; };
		CADDB1A92BC0991A0002DFD3 /* Info.plist */ = {isa = PBXFileReference; lastKnownFileType = text.plist.xml; path = Info.plist; sourceTree = "<group>"; };
		CADDB1AE2BC0991A0002DFD3 /* Ind03_pinell_jakeTests.xctest */ = {isa = PBXFileReference; explicitFileType = wrapper.cfbundle; includeInIndex = 0; path = Ind03_pinell_jakeTests.xctest; sourceTree = BUILT_PRODUCTS_DIR; };
		CADDB1B22BC0991A0002DFD3 /* Ind03_pinell_jakeTests.swift */ = {isa = PBXFileReference; lastKnownFileType = sourcecode.swift; path = Ind03_pinell_jakeTests.swift; sourceTree = "<group>"; };
		CADDB1B82BC0991B0002DFD3 /* Ind03_pinell_jakeUITests.xctest */ = {isa = PBXFileReference; explicitFileType = wrapper.cfbundle; includeInIndex = 0; path = Ind03_pinell_jakeUITests.xctest; sourceTree = BUILT_PRODUCTS_DIR; };
		CADDB1BC2BC0991B0002DFD3 /* Ind03_pinell_jakeUITests.swift */ = {isa = PBXFileReference; lastKnownFileType = sourcecode.swift; path = Ind03_pinell_jakeUITests.swift; sourceTree = "<group>"; };
		CADDB1BE2BC0991B0002DFD3 /* Ind03_pinell_jakeUITestsLaunchTests.swift */ = {isa = PBXFileReference; lastKnownFileType = sourcecode.swift; path = Ind03_pinell_jakeUITestsLaunchTests.swift; sourceTree = "<group>"; };
/* End PBXFileReference section */

/* Begin PBXFrameworksBuildPhase section */
		CADDB1952BC099190002DFD3 /* Frameworks */ = {
			isa = PBXFrameworksBuildPhase;
			buildActionMask = 2147483647;
			files = (
			);
			runOnlyForDeploymentPostprocessing = 0;
		};
		CADDB1AB2BC0991A0002DFD3 /* Frameworks */ = {
			isa = PBXFrameworksBuildPhase;
			buildActionMask = 2147483647;
			files = (
			);
			runOnlyForDeploymentPostprocessing = 0;
		};
		CADDB1B52BC0991B0002DFD3 /* Frameworks */ = {
			isa = PBXFrameworksBuildPhase;
			buildActionMask = 2147483647;
			files = (
			);
			runOnlyForDeploymentPostprocessing = 0;
		};
/* End PBXFrameworksBuildPhase section */

/* Begin PBXGroup section */
		CADDB18F2BC099180002DFD3 = {
			isa = PBXGroup;
			children = (
				CADDB19A2BC099190002DFD3 /* Ind03_pinell_jake */,
				CADDB1B12BC0991A0002DFD3 /* Ind03_pinell_jakeTests */,
				CADDB1BB2BC0991B0002DFD3 /* Ind03_pinell_jakeUITests */,
				CADDB1992BC099190002DFD3 /* Products */,
			);
			sourceTree = "<group>";
		};
		CADDB1992BC099190002DFD3 /* Products */ = {
			isa = PBXGroup;
			children = (
				CADDB1982BC099190002DFD3 /* Ind03_pinell_jake.app */,
				CADDB1AE2BC0991A0002DFD3 /* Ind03_pinell_jakeTests.xctest */,
				CADDB1B82BC0991B0002DFD3 /* Ind03_pinell_jakeUITests.xctest */,
			);
			name = Products;
			sourceTree = "<group>";
		};
		CADDB19A2BC099190002DFD3 /* Ind03_pinell_jake */ = {
			isa = PBXGroup;
			children = (
				CADDB19B2BC099190002DFD3 /* AppDelegate.swift */,
				CADDB19D2BC099190002DFD3 /* SceneDelegate.swift */,
				CADDB19F2BC099190002DFD3 /* ViewController.swift */,
				CADDB1A12BC099190002DFD3 /* Main.storyboard */,
				CADDB1A42BC0991A0002DFD3 /* Assets.xcassets */,
				CADDB1A62BC0991A0002DFD3 /* LaunchScreen.storyboard */,
				CADDB1A92BC0991A0002DFD3 /* Info.plist */,
			);
			path = Ind03_pinell_jake;
			sourceTree = "<group>";
		};
		CADDB1B12BC0991A0002DFD3 /* Ind03_pinell_jakeTests */ = {
			isa = PBXGroup;
			children = (
				CADDB1B22BC0991A0002DFD3 /* Ind03_pinell_jakeTests.swift */,
			);
			path = Ind03_pinell_jakeTests;
			sourceTree = "<group>";
		};
		CADDB1BB2BC0991B0002DFD3 /* Ind03_pinell_jakeUITests */ = {
			isa = PBXGroup;
			children = (
				CADDB1BC2BC0991B0002DFD3 /* Ind03_pinell_jakeUITests.swift */,
				CADDB1BE2BC0991B0002DFD3 /* Ind03_pinell_jakeUITestsLaunchTests.swift */,
			);
			path = Ind03_pinell_jakeUITests;
			sourceTree = "<group>";
		};
/* End PBXGroup section */

/* Begin PBXNativeTarget section */
		CADDB1972BC099190002DFD3 /* Ind03_pinell_jake */ = {
			isa = PBXNativeTarget;
			buildConfigurationList = CADDB1C22BC0991B0002DFD3 /* Build configuration list for PBXNativeTarget "Ind03_pinell_jake" */;
			buildPhases = (
				CADDB1942BC099190002DFD3 /* Sources */,
				CADDB1952BC099190002DFD3 /* Frameworks */,
				CADDB1962BC099190002DFD3 /* Resources */,
			);
			buildRules = (
			);
			dependencies = (
			);
			name = Ind03_pinell_jake;
			productName = Ind03_pinell_jake;
			productReference = CADDB1982BC099190002DFD3 /* Ind03_pinell_jake.app */;
			productType = "com.apple.product-type.application";
		};
		CADDB1AD2BC0991A0002DFD3 /* Ind03_pinell_jakeTests */ = {
			isa = PBXNativeTarget;
			buildConfigurationList = CADDB1C52BC0991B0002DFD3 /* Build configuration list for PBXNativeTarget "Ind03_pinell_jakeTests" */;
			buildPhases = (
				CADDB1AA2BC0991A0002DFD3 /* Sources */,
				CADDB1AB2BC0991A0002DFD3 /* Frameworks */,
				CADDB1AC2BC0991A0002DFD3 /* Resources */,
			);
			buildRules = (
			);
			dependencies = (
				CADDB1B02BC0991A0002DFD3 /* PBXTargetDependency */,
			);
			name = Ind03_pinell_jakeTests;
			productName = Ind03_pinell_jakeTests;
			productReference = CADDB1AE2BC0991A0002DFD3 /* Ind03_pinell_jakeTests.xctest */;
			productType = "com.apple.product-type.bundle.unit-test";
		};
		CADDB1B72BC0991B0002DFD3 /* Ind03_pinell_jakeUITests */ = {
			isa = PBXNativeTarget;
			buildConfigurationList = CADDB1C82BC0991B0002DFD3 /* Build configuration list for PBXNativeTarget "Ind03_pinell_jakeUITests" */;
			buildPhases = (
				CADDB1B42BC0991B0002DFD3 /* Sources */,
				CADDB1B52BC0991B0002DFD3 /* Frameworks */,
				CADDB1B62BC0991B0002DFD3 /* Resources */,
			);
			buildRules = (
			);
			dependencies = (
				CADDB1BA2BC0991B0002DFD3 /* PBXTargetDependency */,
			);
			name = Ind03_pinell_jakeUITests;
			productName = Ind03_pinell_jakeUITests;
			productReference = CADDB1B82BC0991B0002DFD3 /* Ind03_pinell_jakeUITests.xctest */;
			productType = "com.apple.product-type.bundle.ui-testing";
		};
/* End PBXNativeTarget section */

/* Begin PBXProject section */
		CADDB1902BC099190002DFD3 /* Project object */ = {
			isa = PBXProject;
			attributes = {
				BuildIndependentTargetsInParallel = 1;
				LastSwiftUpdateCheck = 1530;
				LastUpgradeCheck = 1530;
				TargetAttributes = {
					CADDB1972BC099190002DFD3 = {
						CreatedOnToolsVersion = 15.3;
					};
					CADDB1AD2BC0991A0002DFD3 = {
						CreatedOnToolsVersion = 15.3;
						TestTargetID = CADDB1972BC099190002DFD3;
					};
					CADDB1B72BC0991B0002DFD3 = {
						CreatedOnToolsVersion = 15.3;
						TestTargetID = CADDB1972BC099190002DFD3;
					};
				};
			};
			buildConfigurationList = CADDB1932BC099190002DFD3 /* Build configuration list for PBXProject "Ind03_pinell_jake" */;
			compatibilityVersion = "Xcode 14.0";
			developmentRegion = en;
			hasScannedForEncodings = 0;
			knownRegions = (
				en,
				Base,
			);
			mainGroup = CADDB18F2BC099180002DFD3;
			productRefGroup = CADDB1992BC099190002DFD3 /* Products */;
			projectDirPath = "";
			projectRoot = "";
			targets = (
				CADDB1972BC099190002DFD3 /* Ind03_pinell_jake */,
				CADDB1AD2BC0991A0002DFD3 /* Ind03_pinell_jakeTests */,
				CADDB1B72BC0991B0002DFD3 /* Ind03_pinell_jakeUITests */,
			);
		};
/* End PBXProject section */

/* Begin PBXResourcesBuildPhase section */
		CADDB1962BC099190002DFD3 /* Resources */ = {
			isa = PBXResourcesBuildPhase;
			buildActionMask = 2147483647;
			files = (
				CADDB1A52BC0991A0002DFD3 /* Assets.xcassets in Resources */,
				CADDB1A82BC0991A0002DFD3 /* Base in Resources */,
				CADDB1A32BC099190002DFD3 /* Base in Resources */,
			);
			runOnlyForDeploymentPostprocessing = 0;
		};
		CADDB1AC2BC0991A0002DFD3 /* Resources */ = {
			isa = PBXResourcesBuildPhase;
			buildActionMask = 2147483647;
			files = (
			);
			runOnlyForDeploymentPostprocessing = 0;
		};
		CADDB1B62BC0991B0002DFD3 /* Resources */ = {
			isa = PBXResourcesBuildPhase;
			buildActionMask = 2147483647;
			files = (
			);
			runOnlyForDeploymentPostprocessing = 0;
		};
/* End PBXResourcesBuildPhase section */

/* Begin PBXSourcesBuildPhase section */
		CADDB1942BC099190002DFD3 /* Sources */ = {
			isa = PBXSourcesBuildPhase;
			buildActionMask = 2147483647;
			files = (
				CADDB1A02BC099190002DFD3 /* ViewController.swift in Sources */,
				CADDB19C2BC099190002DFD3 /* AppDelegate.swift in Sources */,
				CADDB19E2BC099190002DFD3 /* SceneDelegate.swift in Sources */,
			);
			runOnlyForDeploymentPostprocessing = 0;
		};
		CADDB1AA2BC0991A0002DFD3 /* Sources */ = {
			isa = PBXSourcesBuildPhase;
			buildActionMask = 2147483647;
			files = (
				CADDB1B32BC0991A0002DFD3 /* Ind03_pinell_jakeTests.swift in Sources */,
			);
			runOnlyForDeploymentPostprocessing = 0;
		};
		CADDB1B42BC0991B0002DFD3 /* Sources */ = {
			isa = PBXSourcesBuildPhase;
			buildActionMask = 2147483647;
			files = (
				CADDB1BF2BC0991B0002DFD3 /* Ind03_pinell_jakeUITestsLaunchTests.swift in Sources */,
				CADDB1BD2BC0991B0002DFD3 /* Ind03_pinell_jakeUITests.swift in Sources */,
			);
			runOnlyForDeploymentPostprocessing = 0;
		};
/* End PBXSourcesBuildPhase section */

/* Begin PBXTargetDependency section */
		CADDB1B02BC0991A0002DFD3 /* PBXTargetDependency */ = {
			isa = PBXTargetDependency;
			target = CADDB1972BC099190002DFD3 /* Ind03_pinell_jake */;
			targetProxy = CADDB1AF2BC0991A0002DFD3 /* PBXContainerItemProxy */;
		};
		CADDB1BA2BC0991B0002DFD3 /* PBXTargetDependency */ = {
			isa = PBXTargetDependency;
			target = CADDB1972BC099190002DFD3 /* Ind03_pinell_jake */;
			targetProxy = CADDB1B92BC0991B0002DFD3 /* PBXContainerItemProxy */;
		};
/* End PBXTargetDependency section */

/* Begin PBXVariantGroup section */
		CADDB1A12BC099190002DFD3 /* Main.storyboard */ = {
			isa = PBXVariantGroup;
			children = (
				CADDB1A22BC099190002DFD3 /* Base */,
			);
			name = Main.storyboard;
			sourceTree = "<group>";
		};
		CADDB1A62BC0991A0002DFD3 /* LaunchScreen.storyboard */ = {
			isa = PBXVariantGroup;
			children = (
				CADDB1A72BC0991A0002DFD3 /* Base */,
			);
			name = LaunchScreen.storyboard;
			sourceTree = "<group>";
		};
/* End PBXVariantGroup section */

/* Begin XCBuildConfiguration section */
		CADDB1C02BC0991B0002DFD3 /* Debug */ = {
			isa = XCBuildConfiguration;
			buildSettings = {
				ALWAYS_SEARCH_USER_PATHS = NO;
				ASSETCATALOG_COMPILER_GENERATE_SWIFT_ASSET_SYMBOL_EXTENSIONS = YES;
				CLANG_ANALYZER_NONNULL = YES;
				CLANG_ANALYZER_NUMBER_OBJECT_CONVERSION = YES_AGGRESSIVE;
				CLANG_CXX_LANGUAGE_STANDARD = "gnu++20";
				CLANG_ENABLE_MODULES = YES;
				CLANG_ENABLE_OBJC_ARC = YES;
				CLANG_ENABLE_OBJC_WEAK = YES;
				CLANG_WARN_BLOCK_CAPTURE_AUTORELEASING = YES;
				CLANG_WARN_BOOL_CONVERSION = YES;
				CLANG_WARN_COMMA = YES;
				CLANG_WARN_CONSTANT_CONVERSION = YES;
				CLANG_WARN_DEPRECATED_OBJC_IMPLEMENTATIONS = YES;
				CLANG_WARN_DIRECT_OBJC_ISA_USAGE = YES_ERROR;
				CLANG_WARN_DOCUMENTATION_COMMENTS = YES;
				CLANG_WARN_EMPTY_BODY = YES;
				CLANG_WARN_ENUM_CONVERSION = YES;
				CLANG_WARN_INFINITE_RECURSION = YES;
				CLANG_WARN_INT_CONVERSION = YES;
				CLANG_WARN_NON_LITERAL_NULL_CONVERSION = YES;
				CLANG_WARN_OBJC_IMPLICIT_RETAIN_SELF = YES;
				CLANG_WARN_OBJC_LITERAL_CONVERSION = YES;
				CLANG_WARN_OBJC_ROOT_CLASS = YES_ERROR;
				CLANG_WARN_QUOTED_INCLUDE_IN_FRAMEWORK_HEADER = YES;
				CLANG_WARN_RANGE_LOOP_ANALYSIS = YES;
				CLANG_WARN_STRICT_PROTOTYPES = YES;
				CLANG_WARN_SUSPICIOUS_MOVE = YES;
				CLANG_WARN_UNGUARDED_AVAILABILITY = YES_AGGRESSIVE;
				CLANG_WARN_UNREACHABLE_CODE = YES;
				CLANG_WARN__DUPLICATE_METHOD_MATCH = YES;
				COPY_PHASE_STRIP = NO;
				DEBUG_INFORMATION_FORMAT = dwarf;
				ENABLE_STRICT_OBJC_MSGSEND = YES;
				ENABLE_TESTABILITY = YES;
				ENABLE_USER_SCRIPT_SANDBOXING = YES;
				GCC_C_LANGUAGE_STANDARD = gnu17;
				GCC_DYNAMIC_NO_PIC = NO;
				GCC_NO_COMMON_BLOCKS = YES;
				GCC_OPTIMIZATION_LEVEL = 0;
				GCC_PREPROCESSOR_DEFINITIONS = (
					"DEBUG=1",
					"$(inherited)",
				);
				GCC_WARN_64_TO_32_BIT_CONVERSION = YES;
				GCC_WARN_ABOUT_RETURN_TYPE = YES_ERROR;
				GCC_WARN_UNDECLARED_SELECTOR = YES;
				GCC_WARN_UNINITIALIZED_AUTOS = YES_AGGRESSIVE;
				GCC_WARN_UNUSED_FUNCTION = YES;
				GCC_WARN_UNUSED_VARIABLE = YES;
				IPHONEOS_DEPLOYMENT_TARGET = 17.4;
				LOCALIZATION_PREFERS_STRING_CATALOGS = YES;
				MTL_ENABLE_DEBUG_INFO = INCLUDE_SOURCE;
				MTL_FAST_MATH = YES;
				ONLY_ACTIVE_ARCH = YES;
				SDKROOT = iphoneos;
				SWIFT_ACTIVE_COMPILATION_CONDITIONS = "DEBUG $(inherited)";
				SWIFT_OPTIMIZATION_LEVEL = "-Onone";
			};
			name = Debug;
		};
		CADDB1C12BC0991B0002DFD3 /* Release */ = {
			isa = XCBuildConfiguration;
			buildSettings = {
				ALWAYS_SEARCH_USER_PATHS = NO;
				ASSETCATALOG_COMPILER_GENERATE_SWIFT_ASSET_SYMBOL_EXTENSIONS = YES;
				CLANG_ANALYZER_NONNULL = YES;
				CLANG_ANALYZER_NUMBER_OBJECT_CONVERSION = YES_AGGRESSIVE;
				CLANG_CXX_LANGUAGE_STANDARD = "gnu++20";
				CLANG_ENABLE_MODULES = YES;
				CLANG_ENABLE_OBJC_ARC = YES;
				CLANG_ENABLE_OBJC_WEAK = YES;
				CLANG_WARN_BLOCK_CAPTURE_AUTORELEASING = YES;
				CLANG_WARN_BOOL_CONVERSION = YES;
				CLANG_WARN_COMMA = YES;
				CLANG_WARN_CONSTANT_CONVERSION = YES;
				CLANG_WARN_DEPRECATED_OBJC_IMPLEMENTATIONS = YES;
				CLANG_WARN_DIRECT_OBJC_ISA_USAGE = YES_ERROR;
				CLANG_WARN_DOCUMENTATION_COMMENTS = YES;
				CLANG_WARN_EMPTY_BODY = YES;
				CLANG_WARN_ENUM_CONVERSION = YES;
				CLANG_WARN_INFINITE_RECURSION = YES;
				CLANG_WARN_INT_CONVERSION = YES;
				CLANG_WARN_NON_LITERAL_NULL_CONVERSION = YES;
				CLANG_WARN_OBJC_IMPLICIT_RETAIN_SELF = YES;
				CLANG_WARN_OBJC_LITERAL_CONVERSION = YES;
				CLANG_WARN_OBJC_ROOT_CLASS = YES_ERROR;
				CLANG_WARN_QUOTED_INCLUDE_IN_FRAMEWORK_HEADER = YES;
				CLANG_WARN_RANGE_LOOP_ANALYSIS = YES;
				CLANG_WARN_STRICT_PROTOTYPES = YES;
				CLANG_WARN_SUSPICIOUS_MOVE = YES;
				CLANG_WARN_UNGUARDED_AVAILABILITY = YES_AGGRESSIVE;
				CLANG_WARN_UNREACHABLE_CODE = YES;
				CLANG_WARN__DUPLICATE_METHOD_MATCH = YES;
				COPY_PHASE_STRIP = NO;
				DEBUG_INFORMATION_FORMAT = "dwarf-with-dsym";
				ENABLE_NS_ASSERTIONS = NO;
				ENABLE_STRICT_OBJC_MSGSEND = YES;
				ENABLE_USER_SCRIPT_SANDBOXING = YES;
				GCC_C_LANGUAGE_STANDARD = gnu17;
				GCC_NO_COMMON_BLOCKS = YES;
				GCC_WARN_64_TO_32_BIT_CONVERSION = YES;
				GCC_WARN_ABOUT_RETURN_TYPE = YES_ERROR;
				GCC_WARN_UNDECLARED_SELECTOR = YES;
				GCC_WARN_UNINITIALIZED_AUTOS = YES_AGGRESSIVE;
				GCC_WARN_UNUSED_FUNCTION = YES;
				GCC_WARN_UNUSED_VARIABLE = YES;
				IPHONEOS_DEPLOYMENT_TARGET = 17.4;
				LOCALIZATION_PREFERS_STRING_CATALOGS = YES;
				MTL_ENABLE_DEBUG_INFO = NO;
				MTL_FAST_MATH = YES;
				SDKROOT = iphoneos;
				SWIFT_COMPILATION_MODE = wholemodule;
				VALIDATE_PRODUCT = YES;
			};
			name = Release;
		};
		CADDB1C32BC0991B0002DFD3 /* Debug */ = {
			isa = XCBuildConfiguration;
			buildSettings = {
				ASSETCATALOG_COMPILER_APPICON_NAME = AppIcon;
				ASSETCATALOG_COMPILER_GLOBAL_ACCENT_COLOR_NAME = AccentColor;
				CODE_SIGN_STYLE = Automatic;
				CURRENT_PROJECT_VERSION = 1;
				DEVELOPMENT_TEAM = JLF2L7GB53;
				GENERATE_INFOPLIST_FILE = YES;
				INFOPLIST_FILE = Ind03_pinell_jake/Info.plist;
				INFOPLIST_KEY_UIApplicationSupportsIndirectInputEvents = YES;
				INFOPLIST_KEY_UILaunchStoryboardName = LaunchScreen;
				INFOPLIST_KEY_UIMainStoryboardFile = Main;
				INFOPLIST_KEY_UISupportedInterfaceOrientations_iPad = "UIInterfaceOrientationPortrait UIInterfaceOrientationPortraitUpsideDown UIInterfaceOrientationLandscapeLeft UIInterfaceOrientationLandscapeRight";
				INFOPLIST_KEY_UISupportedInterfaceOrientations_iPhone = "UIInterfaceOrientationPortrait UIInterfaceOrientationLandscapeLeft UIInterfaceOrientationLandscapeRight";
				LD_RUNPATH_SEARCH_PATHS = (
					"$(inherited)",
					"@executable_path/Frameworks",
				);
				MARKETING_VERSION = 1.0;
				PRODUCT_BUNDLE_IDENTIFIER = "JakePinell.Ind03-pinell-jake";
				PRODUCT_NAME = "$(TARGET_NAME)";
				SWIFT_EMIT_LOC_STRINGS = YES;
				SWIFT_VERSION = 5.0;
				TARGETED_DEVICE_FAMILY = "1,2";
			};
			name = Debug;
		};
		CADDB1C42BC0991B0002DFD3 /* Release */ = {
			isa = XCBuildConfiguration;
			buildSettings = {
				ASSETCATALOG_COMPILER_APPICON_NAME = AppIcon;
				ASSETCATALOG_COMPILER_GLOBAL_ACCENT_COLOR_NAME = AccentColor;
				CODE_SIGN_STYLE = Automatic;
				CURRENT_PROJECT_VERSION = 1;
				DEVELOPMENT_TEAM = JLF2L7GB53;
				GENERATE_INFOPLIST_FILE = YES;
				INFOPLIST_FILE = Ind03_pinell_jake/Info.plist;
				INFOPLIST_KEY_UIApplicationSupportsIndirectInputEvents = YES;
				INFOPLIST_KEY_UILaunchStoryboardName = LaunchScreen;
				INFOPLIST_KEY_UIMainStoryboardFile = Main;
				INFOPLIST_KEY_UISupportedInterfaceOrientations_iPad = "UIInterfaceOrientationPortrait UIInterfaceOrientationPortraitUpsideDown UIInterfaceOrientationLandscapeLeft UIInterfaceOrientationLandscapeRight";
				INFOPLIST_KEY_UISupportedInterfaceOrientations_iPhone = "UIInterfaceOrientationPortrait UIInterfaceOrientationLandscapeLeft UIInterfaceOrientationLandscapeRight";
				LD_RUNPATH_SEARCH_PATHS = (
					"$(inherited)",
					"@executable_path/Frameworks",
				);
				MARKETING_VERSION = 1.0;
				PRODUCT_BUNDLE_IDENTIFIER = "JakePinell.Ind03-pinell-jake";
				PRODUCT_NAME = "$(TARGET_NAME)";
				SWIFT_EMIT_LOC_STRINGS = YES;
				SWIFT_VERSION = 5.0;
				TARGETED_DEVICE_FAMILY = "1,2";
			};
			name = Release;
		};
		CADDB1C62BC0991B0002DFD3 /* Debug */ = {
			isa = XCBuildConfiguration;
			buildSettings = {
				ALWAYS_EMBED_SWIFT_STANDARD_LIBRARIES = YES;
				BUNDLE_LOADER = "$(TEST_HOST)";
				CODE_SIGN_STYLE = Automatic;
				CURRENT_PROJECT_VERSION = 1;
				DEVELOPMENT_TEAM = JLF2L7GB53;
				GENERATE_INFOPLIST_FILE = YES;
				IPHONEOS_DEPLOYMENT_TARGET = 17.4;
				MARKETING_VERSION = 1.0;
				PRODUCT_BUNDLE_IDENTIFIER = "JakePinell.Ind03-pinell-jakeTests";
				PRODUCT_NAME = "$(TARGET_NAME)";
				SWIFT_EMIT_LOC_STRINGS = NO;
				SWIFT_VERSION = 5.0;
				TARGETED_DEVICE_FAMILY = "1,2";
				TEST_HOST = "$(BUILT_PRODUCTS_DIR)/Ind03_pinell_jake.app/$(BUNDLE_EXECUTABLE_FOLDER_PATH)/Ind03_pinell_jake";
			};
			name = Debug;
		};
		CADDB1C72BC0991B0002DFD3 /* Release */ = {
			isa = XCBuildConfiguration;
			buildSettings = {
				ALWAYS_EMBED_SWIFT_STANDARD_LIBRARIES = YES;
				BUNDLE_LOADER = "$(TEST_HOST)";
				CODE_SIGN_STYLE = Automatic;
				CURRENT_PROJECT_VERSION = 1;
				DEVELOPMENT_TEAM = JLF2L7GB53;
				GENERATE_INFOPLIST_FILE = YES;
				IPHONEOS_DEPLOYMENT_TARGET = 17.4;
				MARKETING_VERSION = 1.0;
				PRODUCT_BUNDLE_IDENTIFIER = "JakePinell.Ind03-pinell-jakeTests";
				PRODUCT_NAME = "$(TARGET_NAME)";
				SWIFT_EMIT_LOC_STRINGS = NO;
				SWIFT_VERSION = 5.0;
				TARGETED_DEVICE_FAMILY = "1,2";
				TEST_HOST = "$(BUILT_PRODUCTS_DIR)/Ind03_pinell_jake.app/$(BUNDLE_EXECUTABLE_FOLDER_PATH)/Ind03_pinell_jake";
			};
			name = Release;
		};
		CADDB1C92BC0991B0002DFD3 /* Debug */ = {
			isa = XCBuildConfiguration;
			buildSettings = {
				ALWAYS_EMBED_SWIFT_STANDARD_LIBRARIES = YES;
				CODE_SIGN_STYLE = Automatic;
				CURRENT_PROJECT_VERSION = 1;
				DEVELOPMENT_TEAM = JLF2L7GB53;
				GENERATE_INFOPLIST_FILE = YES;
				MARKETING_VERSION = 1.0;
				PRODUCT_BUNDLE_IDENTIFIER = "JakePinell.Ind03-pinell-jakeUITests";
				PRODUCT_NAME = "$(TARGET_NAME)";
				SWIFT_EMIT_LOC_STRINGS = NO;
				SWIFT_VERSION = 5.0;
				TARGETED_DEVICE_FAMILY = "1,2";
				TEST_TARGET_NAME = Ind03_pinell_jake;
			};
			name = Debug;
		};
		CADDB1CA2BC0991B0002DFD3 /* Release */ = {
			isa = XCBuildConfiguration;
			buildSettings = {
				ALWAYS_EMBED_SWIFT_STANDARD_LIBRARIES = YES;
				CODE_SIGN_STYLE = Automatic;
				CURRENT_PROJECT_VERSION = 1;
				DEVELOPMENT_TEAM = JLF2L7GB53;
				GENERATE_INFOPLIST_FILE = YES;
				MARKETING_VERSION = 1.0;
				PRODUCT_BUNDLE_IDENTIFIER = "JakePinell.Ind03-pinell-jakeUITests";
				PRODUCT_NAME = "$(TARGET_NAME)";
				SWIFT_EMIT_LOC_STRINGS = NO;
				SWIFT_VERSION = 5.0;
				TARGETED_DEVICE_FAMILY = "1,2";
				TEST_TARGET_NAME = Ind03_pinell_jake;
			};
			name = Release;
		};
/* End XCBuildConfiguration section */

/* Begin XCConfigurationList section */
		CADDB1932BC099190002DFD3 /* Build configuration list for PBXProject "Ind03_pinell_jake" */ = {
			isa = XCConfigurationList;
			buildConfigurations = (
				CADDB1C02BC0991B0002DFD3 /* Debug */,
				CADDB1C12BC0991B0002DFD3 /* Release */,
			);
			defaultConfigurationIsVisible = 0;
			defaultConfigurationName = Release;
		};
		CADDB1C22BC0991B0002DFD3 /* Build configuration list for PBXNativeTarget "Ind03_pinell_jake" */ = {
			isa = XCConfigurationList;
			buildConfigurations = (
				CADDB1C32BC0991B0002DFD3 /* Debug */,
				CADDB1C42BC0991B0002DFD3 /* Release */,
			);
			defaultConfigurationIsVisible = 0;
			defaultConfigurationName = Release;
		};
		CADDB1C52BC0991B0002DFD3 /* Build configuration list for PBXNativeTarget "Ind03_pinell_jakeTests" */ = {
			isa = XCConfigurationList;
			buildConfigurations = (
				CADDB1C62BC0991B0002DFD3 /* Debug */,
				CADDB1C72BC0991B0002DFD3 /* Release */,
			);
			defaultConfigurationIsVisible = 0;
			defaultConfigurationName = Release;
		};
		CADDB1C82BC0991B0002DFD3 /* Build configuration list for PBXNativeTarget "Ind03_pinell_jakeUITests" */ = {
			isa = XCConfigurationList;
			buildConfigurations = (
				CADDB1C92BC0991B0002DFD3 /* Debug */,
				CADDB1CA2BC0991B0002DFD3 /* Release */,
			);
			defaultConfigurationIsVisible = 0;
			defaultConfigurationName = Release;
		};
/* End XCConfigurationList section */
	};
	rootObject = CADDB1902BC099190002DFD3 /* Project object */;
}
